
Microsoft Visual Studio Solution File, Format Version 12.00
# Visual Studio 15
VisualStudioVersion = 15.0.26730.12
MinimumVisualStudioVersion = 10.0.40219.1
Project("{FAE04EC0-301F-11D3-BF4B-00C04F79EFBC}") = "EulerCSharp", "EulerCSharp\EulerCSharp.csproj", "{91298088-D33F-401F-8751-A70BBC0CF31E}"
EndProject
Project("{F2A71F9B-5D33-465A-A702-920D77279786}") = "EulerFSharp", "EulerFSharp\EulerFSharp.fsproj", "{9AB6F306-D255-4447-86B1-B371735EB000}"
EndProject
Project("{2150E333-8FDC-42A3-9474-1A3956D46DE8}") = "docs", "docs", "{746EECE8-1513-4DC0-A953-2AD50EF8359A}"
	ProjectSection(SolutionItems) = preProject
		README.md = README.md
	EndProjectSection
EndProject
Project("{F2A71F9B-5D33-465A-A702-920D77279786}") = "ProjectEuler.RegressionTests", "ProjectEuler.RegressionTests\ProjectEuler.RegressionTests.fsproj", "{66D0BF6C-2E39-4B80-BA82-1811E3330BC0}"
EndProject
Project("{2150E333-8FDC-42A3-9474-1A3956D46DE8}") = ".paket", ".paket", "{F4707806-85B0-4480-A7C6-2EE786140B64}"
	ProjectSection(SolutionItems) = preProject
		paket.dependencies = paket.dependencies
		.paket\paket.exe = .paket\paket.exe
		paket.lock = paket.lock
	EndProjectSection
EndProject
Project("{2150E333-8FDC-42A3-9474-1A3956D46DE8}") = "FAKE", "FAKE", "{E9153D96-C035-4295-BAB3-00CE8B9E640B}"
	ProjectSection(SolutionItems) = preProject
		build.bat = build.bat
		build.fsx = build.fsx
	EndProjectSection
EndProject
Project("{2150E333-8FDC-42A3-9474-1A3956D46DE8}") = "Data", "Data", "{B05E6012-CE07-4413-A33A-DC48774E4CEC}"
	ProjectSection(SolutionItems) = preProject
		Data\base_exp.txt = Data\base_exp.txt
		Data\cipher1.txt = Data\cipher1.txt
		Data\matrix.txt = Data\matrix.txt
		Data\names.txt = Data\names.txt
		Data\poker.txt = Data\poker.txt
		Data\roman.txt = Data\roman.txt
		Data\triangle.txt = Data\triangle.txt
		Data\words.txt = Data\words.txt
	EndProjectSection
EndProject
Global
	GlobalSection(SolutionConfigurationPlatforms) = preSolution
		Debug|Any CPU = Debug|Any CPU
		Release|Any CPU = Release|Any CPU
	EndGlobalSection
	GlobalSection(ProjectConfigurationPlatforms) = postSolution
		{91298088-D33F-401F-8751-A70BBC0CF31E}.Debug|Any CPU.ActiveCfg = Debug|Any CPU
		{91298088-D33F-401F-8751-A70BBC0CF31E}.Debug|Any CPU.Build.0 = Debug|Any CPU
		{91298088-D33F-401F-8751-A70BBC0CF31E}.Release|Any CPU.ActiveCfg = Release|Any CPU
		{91298088-D33F-401F-8751-A70BBC0CF31E}.Release|Any CPU.Build.0 = Release|Any CPU
		{9AB6F306-D255-4447-86B1-B371735EB000}.Debug|Any CPU.ActiveCfg = Debug|Any CPU
		{9AB6F306-D255-4447-86B1-B371735EB000}.Debug|Any CPU.Build.0 = Debug|Any CPU
		{9AB6F306-D255-4447-86B1-B371735EB000}.Release|Any CPU.ActiveCfg = Release|Any CPU
		{9AB6F306-D255-4447-86B1-B371735EB000}.Release|Any CPU.Build.0 = Release|Any CPU
		{66D0BF6C-2E39-4B80-BA82-1811E3330BC0}.Debug|Any CPU.ActiveCfg = Debug|Any CPU
		{66D0BF6C-2E39-4B80-BA82-1811E3330BC0}.Debug|Any CPU.Build.0 = Debug|Any CPU
		{66D0BF6C-2E39-4B80-BA82-1811E3330BC0}.Release|Any CPU.ActiveCfg = Release|Any CPU
		{66D0BF6C-2E39-4B80-BA82-1811E3330BC0}.Release|Any CPU.Build.0 = Release|Any CPU
	EndGlobalSection
	GlobalSection(SolutionProperties) = preSolution
		HideSolutionNode = FALSE
	EndGlobalSection
	GlobalSection(ExtensibilityGlobals) = postSolution
		SolutionGuid = {EB4BBDA4-608A-4844-8773-B6C860AAD5F4}
	EndGlobalSection
EndGlobal
